
Microsoft Visual Studio Solution File, Format Version 12.00
# Visual Studio Version 17
VisualStudioVersion = 17.8.34322.80
MinimumVisualStudioVersion = 10.0.40219.1
Project("{FAE04EC0-301F-11D3-BF4B-00C04F79EFBC}") = "APIdz", "APIdz\APIdz.csproj", "{04A2EE6C-3D6F-44A8-B26F-867E2D11BE26}"
EndProject
Global
	GlobalSection(SolutionConfigurationPlatforms) = preSolution
		Debug|Any CPU = Debug|Any CPU
		Release|Any CPU = Release|Any CPU
	EndGlobalSection
	GlobalSection(ProjectConfigurationPlatforms) = postSolution
		{04A2EE6C-3D6F-44A8-B26F-867E2D11BE26}.Debug|Any CPU.ActiveCfg = Debug|Any CPU
		{04A2EE6C-3D6F-44A8-B26F-867E2D11BE26}.Debug|Any CPU.Build.0 = Debug|Any CPU
		{04A2EE6C-3D6F-44A8-B26F-867E2D11BE26}.Release|Any CPU.ActiveCfg = Release|Any CPU
		{04A2EE6C-3D6F-44A8-B26F-867E2D11BE26}.Release|Any CPU.Build.0 = Release|Any CPU
	EndGlobalSection
	GlobalSection(SolutionProperties) = preSolution
		HideSolutionNode = FALSE
	EndGlobalSection
	GlobalSection(ExtensibilityGlobals) = postSolution
		SolutionGuid = {60448267-FEA8-439E-BFC0-F1ABA90E33C6}
	EndGlobalSection
EndGlobal
